
Microsoft Visual Studio Solution File, Format Version 12.00
# Visual Studio 15
VisualStudioVersion = 15.0.26730.16
MinimumVisualStudioVersion = 10.0.40219.1
Project("{FAE04EC0-301F-11D3-BF4B-00C04F79EFBC}") = "WebApp", "WebApp\WebApp.csproj", "{A25229D7-7905-4182-BF3A-E839DD98D58B}"
EndProject
Global
	GlobalSection(SolutionConfigurationPlatforms) = preSolution
		Debug|Any CPU = Debug|Any CPU
		Release|Any CPU = Release|Any CPU
	EndGlobalSection
	GlobalSection(ProjectConfigurationPlatforms) = postSolution
		{A25229D7-7905-4182-BF3A-E839DD98D58B}.Debug|Any CPU.ActiveCfg = Debug|Any CPU
		{A25229D7-7905-4182-BF3A-E839DD98D58B}.Debug|Any CPU.Build.0 = Debug|Any CPU
		{A25229D7-7905-4182-BF3A-E839DD98D58B}.Release|Any CPU.ActiveCfg = Release|Any CPU
		{A25229D7-7905-4182-BF3A-E839DD98D58B}.Release|Any CPU.Build.0 = Release|Any CPU
	EndGlobalSection
	GlobalSection(SolutionProperties) = preSolution
		HideSolutionNode = FALSE
	EndGlobalSection
	GlobalSection(ExtensibilityGlobals) = postSolution
		SolutionGuid = {BC7A792B-76C9-4336-87AD-0C364AD2D01C}
	EndGlobalSection
EndGlobal
